// !$*UTF8*$!
{
	archiveVersion = 1;
	classes = {
	};
	objectVersion = 55;
	objects = {

/* Begin PBXBuildFile section */
		31C455BA270F1958007487C9 /* AppDelegate.swift in Sources */ = {isa = PBXBuildFile; fileRef = 31C455B9270F1958007487C9 /* AppDelegate.swift */; };
		31C455BC270F1958007487C9 /* SceneDelegate.swift in Sources */ = {isa = PBXBuildFile; fileRef = 31C455BB270F1958007487C9 /* SceneDelegate.swift */; };
		31C455C1270F1958007487C9 /* Main.storyboard in Resources */ = {isa = PBXBuildFile; fileRef = 31C455BF270F1958007487C9 /* Main.storyboard */; };
		31C455C3270F195B007487C9 /* Assets.xcassets in Resources */ = {isa = PBXBuildFile; fileRef = 31C455C2270F195B007487C9 /* Assets.xcassets */; };
		31C455C6270F195B007487C9 /* LaunchScreen.storyboard in Resources */ = {isa = PBXBuildFile; fileRef = 31C455C4270F195B007487C9 /* LaunchScreen.storyboard */; };
		31C455D1270F1B8B007487C9 /* CardView.swift in Sources */ = {isa = PBXBuildFile; fileRef = 31C455D0270F1B8B007487C9 /* CardView.swift */; };
		31C455D4270F1D1A007487C9 /* extentions.swift in Sources */ = {isa = PBXBuildFile; fileRef = 31C455D3270F1D1A007487C9 /* extentions.swift */; };
		31C455D6270F1E94007487C9 /* DDayViewController.swift in Sources */ = {isa = PBXBuildFile; fileRef = 31C455D5270F1E94007487C9 /* DDayViewController.swift */; };
/* End PBXBuildFile section */

/* Begin PBXFileReference section */
		31C455B6270F1958007487C9 /* DDayTracker.app */ = {isa = PBXFileReference; explicitFileType = wrapper.application; includeInIndex = 0; path = DDayTracker.app; sourceTree = BUILT_PRODUCTS_DIR; };
		31C455B9270F1958007487C9 /* AppDelegate.swift */ = {isa = PBXFileReference; lastKnownFileType = sourcecode.swift; path = AppDelegate.swift; sourceTree = "<group>"; };
		31C455BB270F1958007487C9 /* SceneDelegate.swift */ = {isa = PBXFileReference; lastKnownFileType = sourcecode.swift; path = SceneDelegate.swift; sourceTree = "<group>"; };
		31C455C0270F1958007487C9 /* Base */ = {isa = PBXFileReference; lastKnownFileType = file.storyboard; name = Base; path = Base.lproj/Main.storyboard; sourceTree = "<group>"; };
		31C455C2270F195B007487C9 /* Assets.xcassets */ = {isa = PBXFileReference; lastKnownFileType = folder.assetcatalog; path = Assets.xcassets; sourceTree = "<group>"; };
		31C455C5270F195B007487C9 /* Base */ = {isa = PBXFileReference; lastKnownFileType = file.storyboard; name = Base; path = Base.lproj/LaunchScreen.storyboard; sourceTree = "<group>"; };
		31C455C7270F195B007487C9 /* Info.plist */ = {isa = PBXFileReference; lastKnownFileType = text.plist.xml; path = Info.plist; sourceTree = "<group>"; };
		31C455D0270F1B8B007487C9 /* CardView.swift */ = {isa = PBXFileReference; lastKnownFileType = sourcecode.swift; path = CardView.swift; sourceTree = "<group>"; };
		31C455D3270F1D1A007487C9 /* extentions.swift */ = {isa = PBXFileReference; lastKnownFileType = sourcecode.swift; path = extentions.swift; sourceTree = "<group>"; };
		31C455D5270F1E94007487C9 /* DDayViewController.swift */ = {isa = PBXFileReference; lastKnownFileType = sourcecode.swift; path = DDayViewController.swift; sourceTree = "<group>"; };
/* End PBXFileReference section */

/* Begin PBXFrameworksBuildPhase section */
		31C455B3270F1958007487C9 /* Frameworks */ = {
			isa = PBXFrameworksBuildPhase;
			buildActionMask = 2147483647;
			files = (
			);
			runOnlyForDeploymentPostprocessing = 0;
		};
/* End PBXFrameworksBuildPhase section */

/* Begin PBXGroup section */
		31C455AD270F1958007487C9 = {
			isa = PBXGroup;
			children = (
				31C455B8270F1958007487C9 /* DDayTracker */,
				31C455B7270F1958007487C9 /* Products */,
			);
			sourceTree = "<group>";
		};
		31C455B7270F1958007487C9 /* Products */ = {
			isa = PBXGroup;
			children = (
				31C455B6270F1958007487C9 /* DDayTracker.app */,
			);
			name = Products;
			sourceTree = "<group>";
		};
		31C455B8270F1958007487C9 /* DDayTracker */ = {
			isa = PBXGroup;
			children = (
				31C455D2270F1D01007487C9 /* Others */,
				31C455CF270F1B64007487C9 /* Views */,
				31C455CE270F1B5E007487C9 /* Controllers */,
				31C455CD270F1970007487C9 /* Supportings */,
				31C455BF270F1958007487C9 /* Main.storyboard */,
				31C455C7270F195B007487C9 /* Info.plist */,
			);
			path = DDayTracker;
			sourceTree = "<group>";
		};
		31C455CD270F1970007487C9 /* Supportings */ = {
			isa = PBXGroup;
			children = (
				31C455C4270F195B007487C9 /* LaunchScreen.storyboard */,
				31C455B9270F1958007487C9 /* AppDelegate.swift */,
				31C455BB270F1958007487C9 /* SceneDelegate.swift */,
				31C455C2270F195B007487C9 /* Assets.xcassets */,
			);
			path = Supportings;
			sourceTree = "<group>";
		};
		31C455CE270F1B5E007487C9 /* Controllers */ = {
			isa = PBXGroup;
			children = (
				31C455D5270F1E94007487C9 /* DDayViewController.swift */,
			);
			path = Controllers;
			sourceTree = "<group>";
		};
		31C455CF270F1B64007487C9 /* Views */ = {
			isa = PBXGroup;
			children = (
				31C455D0270F1B8B007487C9 /* CardView.swift */,
			);
			path = Views;
			sourceTree = "<group>";
		};
		31C455D2270F1D01007487C9 /* Others */ = {
			isa = PBXGroup;
			children = (
				31C455D3270F1D1A007487C9 /* extentions.swift */,
			);
			path = Others;
			sourceTree = "<group>";
		};
/* End PBXGroup section */

/* Begin PBXNativeTarget section */
		31C455B5270F1958007487C9 /* DDayTracker */ = {
			isa = PBXNativeTarget;
			buildConfigurationList = 31C455CA270F195B007487C9 /* Build configuration list for PBXNativeTarget "DDayTracker" */;
			buildPhases = (
				31C455B2270F1958007487C9 /* Sources */,
				31C455B3270F1958007487C9 /* Frameworks */,
				31C455B4270F1958007487C9 /* Resources */,
			);
			buildRules = (
			);
			dependencies = (
			);
			name = DDayTracker;
			productName = DDayTracker;
			productReference = 31C455B6270F1958007487C9 /* DDayTracker.app */;
			productType = "com.apple.product-type.application";
		};
/* End PBXNativeTarget section */

/* Begin PBXProject section */
		31C455AE270F1958007487C9 /* Project object */ = {
			isa = PBXProject;
			attributes = {
				BuildIndependentTargetsInParallel = 1;
				LastSwiftUpdateCheck = 1300;
				LastUpgradeCheck = 1300;
				TargetAttributes = {
					31C455B5270F1958007487C9 = {
						CreatedOnToolsVersion = 13.0;
					};
				};
			};
			buildConfigurationList = 31C455B1270F1958007487C9 /* Build configuration list for PBXProject "DDayTracker" */;
			compatibilityVersion = "Xcode 13.0";
			developmentRegion = en;
			hasScannedForEncodings = 0;
			knownRegions = (
				en,
				Base,
			);
			mainGroup = 31C455AD270F1958007487C9;
			productRefGroup = 31C455B7270F1958007487C9 /* Products */;
			projectDirPath = "";
			projectRoot = "";
			targets = (
				31C455B5270F1958007487C9 /* DDayTracker */,
			);
		};
/* End PBXProject section */

/* Begin PBXResourcesBuildPhase section */
		31C455B4270F1958007487C9 /* Resources */ = {
			isa = PBXResourcesBuildPhase;
			buildActionMask = 2147483647;
			files = (
				31C455C6270F195B007487C9 /* LaunchScreen.storyboard in Resources */,
				31C455C3270F195B007487C9 /* Assets.xcassets in Resources */,
				31C455C1270F1958007487C9 /* Main.storyboard in Resources */,
			);
			runOnlyForDeploymentPostprocessing = 0;
		};
/* End PBXResourcesBuildPhase section */

/* Begin PBXSourcesBuildPhase section */
		31C455B2270F1958007487C9 /* Sources */ = {
			isa = PBXSourcesBuildPhase;
			buildActionMask = 2147483647;
			files = (
				31C455D6270F1E94007487C9 /* DDayViewController.swift in Sources */,
				31C455BA270F1958007487C9 /* AppDelegate.swift in Sources */,
				31C455D4270F1D1A007487C9 /* extentions.swift in Sources */,
				31C455D1270F1B8B007487C9 /* CardView.swift in Sources */,
				31C455BC270F1958007487C9 /* SceneDelegate.swift in Sources */,
			);
			runOnlyForDeploymentPostprocessing = 0;
		};
/* End PBXSourcesBuildPhase section */

/* Begin PBXVariantGroup section */
		31C455BF270F1958007487C9 /* Main.storyboard */ = {
			isa = PBXVariantGroup;
			children = (
				31C455C0270F1958007487C9 /* Base */,
			);
			name = Main.storyboard;
			sourceTree = "<group>";
		};
		31C455C4270F195B007487C9 /* LaunchScreen.storyboard */ = {
			isa = PBXVariantGroup;
			children = (
				31C455C5270F195B007487C9 /* Base */,
			);
			name = LaunchScreen.storyboard;
			sourceTree = "<group>";
		};
/* End PBXVariantGroup section */

/* Begin XCBuildConfiguration section */
		31C455C8270F195B007487C9 /* Debug */ = {
			isa = XCBuildConfiguration;
			buildSettings = {
				ALWAYS_SEARCH_USER_PATHS = NO;
				CLANG_ANALYZER_NONNULL = YES;
				CLANG_ANALYZER_NUMBER_OBJECT_CONVERSION = YES_AGGRESSIVE;
				CLANG_CXX_LANGUAGE_STANDARD = "gnu++17";
				CLANG_CXX_LIBRARY = "libc++";
				CLANG_ENABLE_MODULES = YES;
				CLANG_ENABLE_OBJC_ARC = YES;
				CLANG_ENABLE_OBJC_WEAK = YES;
				CLANG_WARN_BLOCK_CAPTURE_AUTORELEASING = YES;
				CLANG_WARN_BOOL_CONVERSION = YES;
				CLANG_WARN_COMMA = YES;
				CLANG_WARN_CONSTANT_CONVERSION = YES;
				CLANG_WARN_DEPRECATED_OBJC_IMPLEMENTATIONS = YES;
				CLANG_WARN_DIRECT_OBJC_ISA_USAGE = YES_ERROR;
				CLANG_WARN_DOCUMENTATION_COMMENTS = YES;
				CLANG_WARN_EMPTY_BODY = YES;
				CLANG_WARN_ENUM_CONVERSION = YES;
				CLANG_WARN_INFINITE_RECURSION = YES;
				CLANG_WARN_INT_CONVERSION = YES;
				CLANG_WARN_NON_LITERAL_NULL_CONVERSION = YES;
				CLANG_WARN_OBJC_IMPLICIT_RETAIN_SELF = YES;
				CLANG_WARN_OBJC_LITERAL_CONVERSION = YES;
				CLANG_WARN_OBJC_ROOT_CLASS = YES_ERROR;
				CLANG_WARN_QUOTED_INCLUDE_IN_FRAMEWORK_HEADER = YES;
				CLANG_WARN_RANGE_LOOP_ANALYSIS = YES;
				CLANG_WARN_STRICT_PROTOTYPES = YES;
				CLANG_WARN_SUSPICIOUS_MOVE = YES;
				CLANG_WARN_UNGUARDED_AVAILABILITY = YES_AGGRESSIVE;
				CLANG_WARN_UNREACHABLE_CODE = YES;
				CLANG_WARN__DUPLICATE_METHOD_MATCH = YES;
				COPY_PHASE_STRIP = NO;
				DEBUG_INFORMATION_FORMAT = dwarf;
				ENABLE_STRICT_OBJC_MSGSEND = YES;
				ENABLE_TESTABILITY = YES;
				GCC_C_LANGUAGE_STANDARD = gnu11;
				GCC_DYNAMIC_NO_PIC = NO;
				GCC_NO_COMMON_BLOCKS = YES;
				GCC_OPTIMIZATION_LEVEL = 0;
				GCC_PREPROCESSOR_DEFINITIONS = (
					"DEBUG=1",
					"$(inherited)",
				);
				GCC_WARN_64_TO_32_BIT_CONVERSION = YES;
				GCC_WARN_ABOUT_RETURN_TYPE = YES_ERROR;
				GCC_WARN_UNDECLARED_SELECTOR = YES;
				GCC_WARN_UNINITIALIZED_AUTOS = YES_AGGRESSIVE;
				GCC_WARN_UNUSED_FUNCTION = YES;
				GCC_WARN_UNUSED_VARIABLE = YES;
				IPHONEOS_DEPLOYMENT_TARGET = 15.0;
				MTL_ENABLE_DEBUG_INFO = INCLUDE_SOURCE;
				MTL_FAST_MATH = YES;
				ONLY_ACTIVE_ARCH = YES;
				SDKROOT = iphoneos;
				SWIFT_ACTIVE_COMPILATION_CONDITIONS = DEBUG;
				SWIFT_OPTIMIZATION_LEVEL = "-Onone";
			};
			name = Debug;
		};
		31C455C9270F195B007487C9 /* Release */ = {
			isa = XCBuildConfiguration;
			buildSettings = {
				ALWAYS_SEARCH_USER_PATHS = NO;
				CLANG_ANALYZER_NONNULL = YES;
				CLANG_ANALYZER_NUMBER_OBJECT_CONVERSION = YES_AGGRESSIVE;
				CLANG_CXX_LANGUAGE_STANDARD = "gnu++17";
				CLANG_CXX_LIBRARY = "libc++";
				CLANG_ENABLE_MODULES = YES;
				CLANG_ENABLE_OBJC_ARC = YES;
				CLANG_ENABLE_OBJC_WEAK = YES;
				CLANG_WARN_BLOCK_CAPTURE_AUTORELEASING = YES;
				CLANG_WARN_BOOL_CONVERSION = YES;
				CLANG_WARN_COMMA = YES;
				CLANG_WARN_CONSTANT_CONVERSION = YES;
				CLANG_WARN_DEPRECATED_OBJC_IMPLEMENTATIONS = YES;
				CLANG_WARN_DIRECT_OBJC_ISA_USAGE = YES_ERROR;
				CLANG_WARN_DOCUMENTATION_COMMENTS = YES;
				CLANG_WARN_EMPTY_BODY = YES;
				CLANG_WARN_ENUM_CONVERSION = YES;
				CLANG_WARN_INFINITE_RECURSION = YES;
				CLANG_WARN_INT_CONVERSION = YES;
				CLANG_WARN_NON_LITERAL_NULL_CONVERSION = YES;
				CLANG_WARN_OBJC_IMPLICIT_RETAIN_SELF = YES;
				CLANG_WARN_OBJC_LITERAL_CONVERSION = YES;
				CLANG_WARN_OBJC_ROOT_CLASS = YES_ERROR;
				CLANG_WARN_QUOTED_INCLUDE_IN_FRAMEWORK_HEADER = YES;
				CLANG_WARN_RANGE_LOOP_ANALYSIS = YES;
				CLANG_WARN_STRICT_PROTOTYPES = YES;
				CLANG_WARN_SUSPICIOUS_MOVE = YES;
				CLANG_WARN_UNGUARDED_AVAILABILITY = YES_AGGRESSIVE;
				CLANG_WARN_UNREACHABLE_CODE = YES;
				CLANG_WARN__DUPLICATE_METHOD_MATCH = YES;
				COPY_PHASE_STRIP = NO;
				DEBUG_INFORMATION_FORMAT = "dwarf-with-dsym";
				ENABLE_NS_ASSERTIONS = NO;
				ENABLE_STRICT_OBJC_MSGSEND = YES;
				GCC_C_LANGUAGE_STANDARD = gnu11;
				GCC_NO_COMMON_BLOCKS = YES;
				GCC_WARN_64_TO_32_BIT_CONVERSION = YES;
				GCC_WARN_ABOUT_RETURN_TYPE = YES_ERROR;
				GCC_WARN_UNDECLARED_SELECTOR = YES;
				GCC_WARN_UNINITIALIZED_AUTOS = YES_AGGRESSIVE;
				GCC_WARN_UNUSED_FUNCTION = YES;
				GCC_WARN_UNUSED_VARIABLE = YES;
				IPHONEOS_DEPLOYMENT_TARGET = 15.0;
				MTL_ENABLE_DEBUG_INFO = NO;
				MTL_FAST_MATH = YES;
				SDKROOT = iphoneos;
				SWIFT_COMPILATION_MODE = wholemodule;
				SWIFT_OPTIMIZATION_LEVEL = "-O";
				VALIDATE_PRODUCT = YES;
			};
			name = Release;
		};
		31C455CB270F195B007487C9 /* Debug */ = {
			isa = XCBuildConfiguration;
			buildSettings = {
				ASSETCATALOG_COMPILER_APPICON_NAME = AppIcon;
				ASSETCATALOG_COMPILER_GLOBAL_ACCENT_COLOR_NAME = AccentColor;
				CODE_SIGN_STYLE = Automatic;
				CURRENT_PROJECT_VERSION = 1;
				DEVELOPMENT_TEAM = 7DY6Z945T9;
				GENERATE_INFOPLIST_FILE = YES;
				INFOPLIST_FILE = DDayTracker/Info.plist;
				INFOPLIST_KEY_UIApplicationSupportsIndirectInputEvents = YES;
				INFOPLIST_KEY_UILaunchStoryboardName = LaunchScreen;
				INFOPLIST_KEY_UIMainStoryboardFile = Main;
				INFOPLIST_KEY_UISupportedInterfaceOrientations = UIInterfaceOrientationPortrait;
				INFOPLIST_KEY_UISupportedInterfaceOrientations_iPad = "UIInterfaceOrientationPortrait UIInterfaceOrientationPortraitUpsideDown UIInterfaceOrientationLandscapeLeft UIInterfaceOrientationLandscapeRight";
				INFOPLIST_KEY_UISupportedInterfaceOrientations_iPhone = "UIInterfaceOrientationPortrait UIInterfaceOrientationLandscapeLeft UIInterfaceOrientationLandscapeRight";
				IPHONEOS_DEPLOYMENT_TARGET = 13.0;
				LD_RUNPATH_SEARCH_PATHS = (
					"$(inherited)",
					"@executable_path/Frameworks",
				);
				MARKETING_VERSION = 1.0;
				PRODUCT_BUNDLE_IDENTIFIER = klioop.DDayTracker;
				PRODUCT_NAME = "$(TARGET_NAME)";
				SWIFT_EMIT_LOC_STRINGS = YES;
				SWIFT_VERSION = 5.0;
				TARGETED_DEVICE_FAMILY = 1;
			};
			name = Debug;
		};
		31C455CC270F195B007487C9 /* Release */ = {
			isa = XCBuildConfiguration;
			buildSettings = {
				ASSETCATALOG_COMPILER_APPICON_NAME = AppIcon;
				ASSETCATALOG_COMPILER_GLOBAL_ACCENT_COLOR_NAME = AccentColor;
				CODE_SIGN_STYLE = Automatic;
				CURRENT_PROJECT_VERSION = 1;
				DEVELOPMENT_TEAM = 7DY6Z945T9;
				GENERATE_INFOPLIST_FILE = YES;
				INFOPLIST_FILE = DDayTracker/Info.plist;
				INFOPLIST_KEY_UIApplicationSupportsIndirectInputEvents = YES;
				INFOPLIST_KEY_UILaunchStoryboardName = LaunchScreen;
				INFOPLIST_KEY_UIMainStoryboardFile = Main;
				INFOPLIST_KEY_UISupportedInterfaceOrientations = UIInterfaceOrientationPortrait;
				INFOPLIST_KEY_UISupportedInterfaceOrientations_iPad = "UIInterfaceOrientationPortrait UIInterfaceOrientationPortraitUpsideDown UIInterfaceOrientationLandscapeLeft UIInterfaceOrientationLandscapeRight";
				INFOPLIST_KEY_UISupportedInterfaceOrientations_iPhone = "UIInterfaceOrientationPortrait UIInterfaceOrientationLandscapeLeft UIInterfaceOrientationLandscapeRight";
				IPHONEOS_DEPLOYMENT_TARGET = 13.0;
				LD_RUNPATH_SEARCH_PATHS = (
					"$(inherited)",
					"@executable_path/Frameworks",
				);
				MARKETING_VERSION = 1.0;
				PRODUCT_BUNDLE_IDENTIFIER = klioop.DDayTracker;
				PRODUCT_NAME = "$(TARGET_NAME)";
				SWIFT_EMIT_LOC_STRINGS = YES;
				SWIFT_VERSION = 5.0;
				TARGETED_DEVICE_FAMILY = 1;
			};
			name = Release;
		};
/* End XCBuildConfiguration section */

/* Begin XCConfigurationList section */
		31C455B1270F1958007487C9 /* Build configuration list for PBXProject "DDayTracker" */ = {
			isa = XCConfigurationList;
			buildConfigurations = (
				31C455C8270F195B007487C9 /* Debug */,
				31C455C9270F195B007487C9 /* Release */,
			);
			defaultConfigurationIsVisible = 0;
			defaultConfigurationName = Release;
		};
		31C455CA270F195B007487C9 /* Build configuration list for PBXNativeTarget "DDayTracker" */ = {
			isa = XCConfigurationList;
			buildConfigurations = (
				31C455CB270F195B007487C9 /* Debug */,
				31C455CC270F195B007487C9 /* Release */,
			);
			defaultConfigurationIsVisible = 0;
			defaultConfigurationName = Release;
		};
/* End XCConfigurationList section */
	};
	rootObject = 31C455AE270F1958007487C9 /* Project object */;
}
