// !$*UTF8*$!
{
	archiveVersion = 1;
	classes = {
	};
	objectVersion = 55;
	objects = {

/* Begin PBXBuildFile section */
		31217AC4273026F900461395 /* AddViewController.strings in Resources */ = {isa = PBXBuildFile; fileRef = 31217AC7273026F900461395 /* AddViewController.strings */; };
		31217AC5273026F900461395 /* AddViewController.strings in Resources */ = {isa = PBXBuildFile; fileRef = 31217AC7273026F900461395 /* AddViewController.strings */; };
		31217ACB2730BFF400461395 /* Localization.swift in Sources */ = {isa = PBXBuildFile; fileRef = 31217ACA2730BFF400461395 /* Localization.swift */; };
		31217ACC2730BFF400461395 /* Localization.swift in Sources */ = {isa = PBXBuildFile; fileRef = 31217ACA2730BFF400461395 /* Localization.swift */; };
		31217ACF2730C75500461395 /* Realm in Frameworks */ = {isa = PBXBuildFile; productRef = 31217ACE2730C75500461395 /* Realm */; };
		31217AD12730C75500461395 /* RealmSwift in Frameworks */ = {isa = PBXBuildFile; productRef = 31217AD02730C75500461395 /* RealmSwift */; };
		31217AD42730C97500461395 /* RealmModel.swift in Sources */ = {isa = PBXBuildFile; fileRef = 31217AD32730C97500461395 /* RealmModel.swift */; };
		31217AD52730C97500461395 /* RealmModel.swift in Sources */ = {isa = PBXBuildFile; fileRef = 31217AD32730C97500461395 /* RealmModel.swift */; };
		31393B34272FB79B003CF43E /* AppDelegate.swift in Sources */ = {isa = PBXBuildFile; fileRef = 31393B33272FB79B003CF43E /* AppDelegate.swift */; };
		31393B36272FB79B003CF43E /* SceneDelegate.swift in Sources */ = {isa = PBXBuildFile; fileRef = 31393B35272FB79B003CF43E /* SceneDelegate.swift */; };
		31393B3B272FB79B003CF43E /* Main.storyboard in Resources */ = {isa = PBXBuildFile; fileRef = 31393B39272FB79B003CF43E /* Main.storyboard */; };
		31393B3D272FB79D003CF43E /* Assets.xcassets in Resources */ = {isa = PBXBuildFile; fileRef = 31393B3C272FB79D003CF43E /* Assets.xcassets */; };
		31393B40272FB79D003CF43E /* LaunchScreen.storyboard in Resources */ = {isa = PBXBuildFile; fileRef = 31393B3E272FB79D003CF43E /* LaunchScreen.storyboard */; };
		31393B4E272FB804003CF43E /* String+extension.swift in Sources */ = {isa = PBXBuildFile; fileRef = 31393B4D272FB804003CF43E /* String+extension.swift */; };
		31393B50272FB811003CF43E /* UIFont+extension.swift in Sources */ = {isa = PBXBuildFile; fileRef = 31393B4F272FB811003CF43E /* UIFont+extension.swift */; };
		31393B53272FB8F8003CF43E /* Home.storyboard in Resources */ = {isa = PBXBuildFile; fileRef = 31393B52272FB8F8003CF43E /* Home.storyboard */; };
		31393B55272FB91E003CF43E /* Content.storyboard in Resources */ = {isa = PBXBuildFile; fileRef = 31393B54272FB91E003CF43E /* Content.storyboard */; };
		31393B57272FB93D003CF43E /* Calendar.storyboard in Resources */ = {isa = PBXBuildFile; fileRef = 31393B56272FB93D003CF43E /* Calendar.storyboard */; };
		31393B59272FB95E003CF43E /* Search.storyboard in Resources */ = {isa = PBXBuildFile; fileRef = 31393B58272FB95E003CF43E /* Search.storyboard */; };
		31393B5B272FB97E003CF43E /* Setting.storyboard in Resources */ = {isa = PBXBuildFile; fileRef = 31393B5A272FB97E003CF43E /* Setting.storyboard */; };
		31393B63272FB99E003CF43E /* MainControllerTests.swift in Sources */ = {isa = PBXBuildFile; fileRef = 31393B62272FB99E003CF43E /* MainControllerTests.swift */; };
		31393B74272FBB10003CF43E /* SCDream6.otf in Resources */ = {isa = PBXBuildFile; fileRef = 31393B6B272FBB10003CF43E /* SCDream6.otf */; };
		31393B75272FBB10003CF43E /* SCDream6.otf in Resources */ = {isa = PBXBuildFile; fileRef = 31393B6B272FBB10003CF43E /* SCDream6.otf */; };
		31393B76272FBB10003CF43E /* SCDream1.otf in Resources */ = {isa = PBXBuildFile; fileRef = 31393B6C272FBB10003CF43E /* SCDream1.otf */; };
		31393B77272FBB10003CF43E /* SCDream1.otf in Resources */ = {isa = PBXBuildFile; fileRef = 31393B6C272FBB10003CF43E /* SCDream1.otf */; };
		31393B78272FBB10003CF43E /* SCDream7.otf in Resources */ = {isa = PBXBuildFile; fileRef = 31393B6D272FBB10003CF43E /* SCDream7.otf */; };
		31393B79272FBB10003CF43E /* SCDream7.otf in Resources */ = {isa = PBXBuildFile; fileRef = 31393B6D272FBB10003CF43E /* SCDream7.otf */; };
		31393B7A272FBB10003CF43E /* SCDream5.otf in Resources */ = {isa = PBXBuildFile; fileRef = 31393B6E272FBB10003CF43E /* SCDream5.otf */; };
		31393B7B272FBB10003CF43E /* SCDream5.otf in Resources */ = {isa = PBXBuildFile; fileRef = 31393B6E272FBB10003CF43E /* SCDream5.otf */; };
		31393B7C272FBB10003CF43E /* SCDream8.otf in Resources */ = {isa = PBXBuildFile; fileRef = 31393B6F272FBB10003CF43E /* SCDream8.otf */; };
		31393B7D272FBB10003CF43E /* SCDream8.otf in Resources */ = {isa = PBXBuildFile; fileRef = 31393B6F272FBB10003CF43E /* SCDream8.otf */; };
		31393B7E272FBB10003CF43E /* SCDream2.otf in Resources */ = {isa = PBXBuildFile; fileRef = 31393B70272FBB10003CF43E /* SCDream2.otf */; };
		31393B7F272FBB10003CF43E /* SCDream2.otf in Resources */ = {isa = PBXBuildFile; fileRef = 31393B70272FBB10003CF43E /* SCDream2.otf */; };
		31393B80272FBB10003CF43E /* SCDream4.otf in Resources */ = {isa = PBXBuildFile; fileRef = 31393B71272FBB10003CF43E /* SCDream4.otf */; };
		31393B81272FBB10003CF43E /* SCDream4.otf in Resources */ = {isa = PBXBuildFile; fileRef = 31393B71272FBB10003CF43E /* SCDream4.otf */; };
		31393B82272FBB10003CF43E /* SCDream3.otf in Resources */ = {isa = PBXBuildFile; fileRef = 31393B72272FBB10003CF43E /* SCDream3.otf */; };
		31393B83272FBB10003CF43E /* SCDream3.otf in Resources */ = {isa = PBXBuildFile; fileRef = 31393B72272FBB10003CF43E /* SCDream3.otf */; };
		31393B84272FBB10003CF43E /* SCDream9.otf in Resources */ = {isa = PBXBuildFile; fileRef = 31393B73272FBB10003CF43E /* SCDream9.otf */; };
		31393B85272FBB10003CF43E /* SCDream9.otf in Resources */ = {isa = PBXBuildFile; fileRef = 31393B73272FBB10003CF43E /* SCDream9.otf */; };
		31393B87272FBEB2003CF43E /* UIFontTest.swift in Sources */ = {isa = PBXBuildFile; fileRef = 31393B86272FBEB2003CF43E /* UIFontTest.swift */; };
		31393B88272FBF79003CF43E /* UIFont+extension.swift in Sources */ = {isa = PBXBuildFile; fileRef = 31393B4F272FB811003CF43E /* UIFont+extension.swift */; };
		31393B89272FC32F003CF43E /* String+extension.swift in Sources */ = {isa = PBXBuildFile; fileRef = 31393B4D272FB804003CF43E /* String+extension.swift */; };
		31393B8E272FC489003CF43E /* StringExtensionTests.swift in Sources */ = {isa = PBXBuildFile; fileRef = 31393B8D272FC489003CF43E /* StringExtensionTests.swift */; };
		31393B90272FC702003CF43E /* HomeViewController.swift in Sources */ = {isa = PBXBuildFile; fileRef = 31393B8F272FC702003CF43E /* HomeViewController.swift */; };
		31393B91272FC702003CF43E /* HomeViewController.swift in Sources */ = {isa = PBXBuildFile; fileRef = 31393B8F272FC702003CF43E /* HomeViewController.swift */; };
		31393B93272FC75F003CF43E /* HomeViewControllerTest.swift in Sources */ = {isa = PBXBuildFile; fileRef = 31393B92272FC75F003CF43E /* HomeViewControllerTest.swift */; };
		31393B9427301DC1003CF43E /* Home.storyboard in Resources */ = {isa = PBXBuildFile; fileRef = 31393B52272FB8F8003CF43E /* Home.storyboard */; };
		31393B9527301EDD003CF43E /* Content.storyboard in Resources */ = {isa = PBXBuildFile; fileRef = 31393B54272FB91E003CF43E /* Content.storyboard */; };
		31393B9727301EF8003CF43E /* AddViewController.swift in Sources */ = {isa = PBXBuildFile; fileRef = 31393B9627301EF8003CF43E /* AddViewController.swift */; };
		31393B9827301EF8003CF43E /* AddViewController.swift in Sources */ = {isa = PBXBuildFile; fileRef = 31393B9627301EF8003CF43E /* AddViewController.swift */; };
		31393B9A27301F4A003CF43E /* SearchViewController.swift in Sources */ = {isa = PBXBuildFile; fileRef = 31393B9927301F49003CF43E /* SearchViewController.swift */; };
		31393B9B27301F4A003CF43E /* SearchViewController.swift in Sources */ = {isa = PBXBuildFile; fileRef = 31393B9927301F49003CF43E /* SearchViewController.swift */; };
		31393B9C27301F6C003CF43E /* Search.storyboard in Resources */ = {isa = PBXBuildFile; fileRef = 31393B58272FB95E003CF43E /* Search.storyboard */; };
		31C88FAE27315BAB00CB3010 /* Main.storyboard in Resources */ = {isa = PBXBuildFile; fileRef = 31393B39272FB79B003CF43E /* Main.storyboard */; };
		31DB7A8B2732BA4C00E8EEF8 /* PersistanceManager.swift in Sources */ = {isa = PBXBuildFile; fileRef = 31DB7A8A2732BA4C00E8EEF8 /* PersistanceManager.swift */; };
		31DB7A8C2732BA4C00E8EEF8 /* PersistanceManager.swift in Sources */ = {isa = PBXBuildFile; fileRef = 31DB7A8A2732BA4C00E8EEF8 /* PersistanceManager.swift */; };
		31DB7A8E273368CF00E8EEF8 /* SettingViewController.swift in Sources */ = {isa = PBXBuildFile; fileRef = 31DB7A8D273368CF00E8EEF8 /* SettingViewController.swift */; };
		31DB7A8F273368CF00E8EEF8 /* SettingViewController.swift in Sources */ = {isa = PBXBuildFile; fileRef = 31DB7A8D273368CF00E8EEF8 /* SettingViewController.swift */; };
		31DB7A9227336DC900E8EEF8 /* Zip in Frameworks */ = {isa = PBXBuildFile; productRef = 31DB7A9127336DC900E8EEF8 /* Zip */; };
		31DB7A952734326200E8EEF8 /* Model.swift in Sources */ = {isa = PBXBuildFile; fileRef = 31DB7A942734326200E8EEF8 /* Model.swift */; };
		31DB7A962734326200E8EEF8 /* Model.swift in Sources */ = {isa = PBXBuildFile; fileRef = 31DB7A942734326200E8EEF8 /* Model.swift */; };
		31DB7A982734B52D00E8EEF8 /* DatePickerViewController.swift in Sources */ = {isa = PBXBuildFile; fileRef = 31DB7A972734B52D00E8EEF8 /* DatePickerViewController.swift */; };
		31DB7A992734B52D00E8EEF8 /* DatePickerViewController.swift in Sources */ = {isa = PBXBuildFile; fileRef = 31DB7A972734B52D00E8EEF8 /* DatePickerViewController.swift */; };
		31DB7A9C2734C26900E8EEF8 /* FSCalendar in Frameworks */ = {isa = PBXBuildFile; productRef = 31DB7A9B2734C26900E8EEF8 /* FSCalendar */; };
		31DB7A9E2734C27E00E8EEF8 /* CalendarViewController.swift in Sources */ = {isa = PBXBuildFile; fileRef = 31DB7A9D2734C27E00E8EEF8 /* CalendarViewController.swift */; };
		31DB7A9F2734C27E00E8EEF8 /* CalendarViewController.swift in Sources */ = {isa = PBXBuildFile; fileRef = 31DB7A9D2734C27E00E8EEF8 /* CalendarViewController.swift */; };
		31DB7AA12734CE8600E8EEF8 /* RealmQuery.swift in Sources */ = {isa = PBXBuildFile; fileRef = 31DB7AA02734CE8600E8EEF8 /* RealmQuery.swift */; };
		31DB7AA22734CE8600E8EEF8 /* RealmQuery.swift in Sources */ = {isa = PBXBuildFile; fileRef = 31DB7AA02734CE8600E8EEF8 /* RealmQuery.swift */; };
/* End PBXBuildFile section */

/* Begin PBXContainerItemProxy section */
		31393B64272FB99E003CF43E /* PBXContainerItemProxy */ = {
			isa = PBXContainerItemProxy;
			containerPortal = 31393B28272FB79B003CF43E /* Project object */;
			proxyType = 1;
			remoteGlobalIDString = 31393B2F272FB79B003CF43E;
			remoteInfo = "SeSAC-week06";
		};
/* End PBXContainerItemProxy section */

/* Begin PBXFileReference section */
		31217AC6273026F900461395 /* en */ = {isa = PBXFileReference; lastKnownFileType = text.plist.strings; name = en; path = en.lproj/AddViewController.strings; sourceTree = "<group>"; };
		31217AC82730B76300461395 /* ko */ = {isa = PBXFileReference; lastKnownFileType = text.plist.strings; name = ko; path = ko.lproj/Main.strings; sourceTree = "<group>"; };
		31217AC92730B76300461395 /* ko */ = {isa = PBXFileReference; lastKnownFileType = text.plist.strings; name = ko; path = ko.lproj/AddViewController.strings; sourceTree = "<group>"; };
		31217ACA2730BFF400461395 /* Localization.swift */ = {isa = PBXFileReference; lastKnownFileType = sourcecode.swift; path = Localization.swift; sourceTree = "<group>"; };
		31217AD32730C97500461395 /* RealmModel.swift */ = {isa = PBXFileReference; lastKnownFileType = sourcecode.swift; path = RealmModel.swift; sourceTree = "<group>"; };
		31393B30272FB79B003CF43E /* SeSAC-week06.app */ = {isa = PBXFileReference; explicitFileType = wrapper.application; includeInIndex = 0; path = "SeSAC-week06.app"; sourceTree = BUILT_PRODUCTS_DIR; };
		31393B33272FB79B003CF43E /* AppDelegate.swift */ = {isa = PBXFileReference; lastKnownFileType = sourcecode.swift; path = AppDelegate.swift; sourceTree = "<group>"; };
		31393B35272FB79B003CF43E /* SceneDelegate.swift */ = {isa = PBXFileReference; lastKnownFileType = sourcecode.swift; path = SceneDelegate.swift; sourceTree = "<group>"; };
		31393B3A272FB79B003CF43E /* Base */ = {isa = PBXFileReference; lastKnownFileType = file.storyboard; name = Base; path = Base.lproj/Main.storyboard; sourceTree = "<group>"; };
		31393B3C272FB79D003CF43E /* Assets.xcassets */ = {isa = PBXFileReference; lastKnownFileType = folder.assetcatalog; path = Assets.xcassets; sourceTree = "<group>"; };
		31393B3F272FB79D003CF43E /* Base */ = {isa = PBXFileReference; lastKnownFileType = file.storyboard; name = Base; path = Base.lproj/LaunchScreen.storyboard; sourceTree = "<group>"; };
		31393B41272FB79D003CF43E /* Info.plist */ = {isa = PBXFileReference; lastKnownFileType = text.plist.xml; path = Info.plist; sourceTree = "<group>"; };
		31393B4D272FB804003CF43E /* String+extension.swift */ = {isa = PBXFileReference; lastKnownFileType = sourcecode.swift; path = "String+extension.swift"; sourceTree = "<group>"; };
		31393B4F272FB811003CF43E /* UIFont+extension.swift */ = {isa = PBXFileReference; lastKnownFileType = sourcecode.swift; path = "UIFont+extension.swift"; sourceTree = "<group>"; };
		31393B52272FB8F8003CF43E /* Home.storyboard */ = {isa = PBXFileReference; lastKnownFileType = file.storyboard; path = Home.storyboard; sourceTree = "<group>"; };
		31393B54272FB91E003CF43E /* Content.storyboard */ = {isa = PBXFileReference; lastKnownFileType = file.storyboard; path = Content.storyboard; sourceTree = "<group>"; };
		31393B56272FB93D003CF43E /* Calendar.storyboard */ = {isa = PBXFileReference; lastKnownFileType = file.storyboard; path = Calendar.storyboard; sourceTree = "<group>"; };
		31393B58272FB95E003CF43E /* Search.storyboard */ = {isa = PBXFileReference; lastKnownFileType = file.storyboard; path = Search.storyboard; sourceTree = "<group>"; };
		31393B5A272FB97E003CF43E /* Setting.storyboard */ = {isa = PBXFileReference; lastKnownFileType = file.storyboard; path = Setting.storyboard; sourceTree = "<group>"; };
		31393B60272FB99E003CF43E /* SeSAC-week06Tests.xctest */ = {isa = PBXFileReference; explicitFileType = wrapper.cfbundle; includeInIndex = 0; path = "SeSAC-week06Tests.xctest"; sourceTree = BUILT_PRODUCTS_DIR; };
		31393B62272FB99E003CF43E /* MainControllerTests.swift */ = {isa = PBXFileReference; lastKnownFileType = sourcecode.swift; path = MainControllerTests.swift; sourceTree = "<group>"; };
		31393B6B272FBB10003CF43E /* SCDream6.otf */ = {isa = PBXFileReference; lastKnownFileType = file; path = SCDream6.otf; sourceTree = "<group>"; };
		31393B6C272FBB10003CF43E /* SCDream1.otf */ = {isa = PBXFileReference; lastKnownFileType = file; path = SCDream1.otf; sourceTree = "<group>"; };
		31393B6D272FBB10003CF43E /* SCDream7.otf */ = {isa = PBXFileReference; lastKnownFileType = file; path = SCDream7.otf; sourceTree = "<group>"; };
		31393B6E272FBB10003CF43E /* SCDream5.otf */ = {isa = PBXFileReference; lastKnownFileType = file; path = SCDream5.otf; sourceTree = "<group>"; };
		31393B6F272FBB10003CF43E /* SCDream8.otf */ = {isa = PBXFileReference; lastKnownFileType = file; path = SCDream8.otf; sourceTree = "<group>"; };
		31393B70272FBB10003CF43E /* SCDream2.otf */ = {isa = PBXFileReference; lastKnownFileType = file; path = SCDream2.otf; sourceTree = "<group>"; };
		31393B71272FBB10003CF43E /* SCDream4.otf */ = {isa = PBXFileReference; lastKnownFileType = file; path = SCDream4.otf; sourceTree = "<group>"; };
		31393B72272FBB10003CF43E /* SCDream3.otf */ = {isa = PBXFileReference; lastKnownFileType = file; path = SCDream3.otf; sourceTree = "<group>"; };
		31393B73272FBB10003CF43E /* SCDream9.otf */ = {isa = PBXFileReference; lastKnownFileType = file; path = SCDream9.otf; sourceTree = "<group>"; };
		31393B86272FBEB2003CF43E /* UIFontTest.swift */ = {isa = PBXFileReference; lastKnownFileType = sourcecode.swift; path = UIFontTest.swift; sourceTree = "<group>"; };
		31393B8D272FC489003CF43E /* StringExtensionTests.swift */ = {isa = PBXFileReference; lastKnownFileType = sourcecode.swift; path = StringExtensionTests.swift; sourceTree = "<group>"; };
		31393B8F272FC702003CF43E /* HomeViewController.swift */ = {isa = PBXFileReference; lastKnownFileType = sourcecode.swift; path = HomeViewController.swift; sourceTree = "<group>"; };
		31393B92272FC75F003CF43E /* HomeViewControllerTest.swift */ = {isa = PBXFileReference; lastKnownFileType = sourcecode.swift; path = HomeViewControllerTest.swift; sourceTree = "<group>"; };
		31393B9627301EF8003CF43E /* AddViewController.swift */ = {isa = PBXFileReference; lastKnownFileType = sourcecode.swift; path = AddViewController.swift; sourceTree = "<group>"; };
		31393B9927301F49003CF43E /* SearchViewController.swift */ = {isa = PBXFileReference; lastKnownFileType = sourcecode.swift; path = SearchViewController.swift; sourceTree = "<group>"; };
		31DB7A8A2732BA4C00E8EEF8 /* PersistanceManager.swift */ = {isa = PBXFileReference; lastKnownFileType = sourcecode.swift; path = PersistanceManager.swift; sourceTree = "<group>"; };
		31DB7A8D273368CF00E8EEF8 /* SettingViewController.swift */ = {isa = PBXFileReference; lastKnownFileType = sourcecode.swift; path = SettingViewController.swift; sourceTree = "<group>"; };
		31DB7A942734326200E8EEF8 /* Model.swift */ = {isa = PBXFileReference; lastKnownFileType = sourcecode.swift; path = Model.swift; sourceTree = "<group>"; };
		31DB7A972734B52D00E8EEF8 /* DatePickerViewController.swift */ = {isa = PBXFileReference; lastKnownFileType = sourcecode.swift; path = DatePickerViewController.swift; sourceTree = "<group>"; };
		31DB7A9D2734C27E00E8EEF8 /* CalendarViewController.swift */ = {isa = PBXFileReference; lastKnownFileType = sourcecode.swift; path = CalendarViewController.swift; sourceTree = "<group>"; };
		31DB7AA02734CE8600E8EEF8 /* RealmQuery.swift */ = {isa = PBXFileReference; lastKnownFileType = sourcecode.swift; path = RealmQuery.swift; sourceTree = "<group>"; };
/* End PBXFileReference section */

/* Begin PBXFrameworksBuildPhase section */
		31393B2D272FB79B003CF43E /* Frameworks */ = {
			isa = PBXFrameworksBuildPhase;
			buildActionMask = 2147483647;
			files = (
				31DB7A9227336DC900E8EEF8 /* Zip in Frameworks */,
				31DB7A9C2734C26900E8EEF8 /* FSCalendar in Frameworks */,
				31217AD12730C75500461395 /* RealmSwift in Frameworks */,
				31217ACF2730C75500461395 /* Realm in Frameworks */,
			);
			runOnlyForDeploymentPostprocessing = 0;
		};
		31393B5D272FB99E003CF43E /* Frameworks */ = {
			isa = PBXFrameworksBuildPhase;
			buildActionMask = 2147483647;
			files = (
			);
			runOnlyForDeploymentPostprocessing = 0;
		};
/* End PBXFrameworksBuildPhase section */

/* Begin PBXGroup section */
		31217AD22730C95800461395 /* Realm */ = {
			isa = PBXGroup;
			children = (
				31217AD32730C97500461395 /* RealmModel.swift */,
				31DB7AA02734CE8600E8EEF8 /* RealmQuery.swift */,
			);
			path = Realm;
			sourceTree = "<group>";
		};
		31393B27272FB79B003CF43E = {
			isa = PBXGroup;
			children = (
				31393B32272FB79B003CF43E /* SeSAC-week06 */,
				31393B61272FB99E003CF43E /* SeSAC-week06Tests */,
				31393B31272FB79B003CF43E /* Products */,
			);
			sourceTree = "<group>";
		};
		31393B31272FB79B003CF43E /* Products */ = {
			isa = PBXGroup;
			children = (
				31393B30272FB79B003CF43E /* SeSAC-week06.app */,
				31393B60272FB99E003CF43E /* SeSAC-week06Tests.xctest */,
			);
			name = Products;
			sourceTree = "<group>";
		};
		31393B32272FB79B003CF43E /* SeSAC-week06 */ = {
			isa = PBXGroup;
			children = (
				31DB7A932734325000E8EEF8 /* Model */,
				31DB7A892732BA3400E8EEF8 /* Manager */,
				31217AD22730C95800461395 /* Realm */,
				31393B69272FBA1E003CF43E /* Resources */,
				31393B4B272FB7ED003CF43E /* Controllers */,
				31393B4A272FB7D2003CF43E /* Utilities */,
				31393B49272FB7CB003CF43E /* Localization */,
				31393B48272FB7C2003CF43E /* Views */,
				31393B47272FB7BA003CF43E /* Supportings */,
				31393B3C272FB79D003CF43E /* Assets.xcassets */,
				31393B41272FB79D003CF43E /* Info.plist */,
			);
			path = "SeSAC-week06";
			sourceTree = "<group>";
		};
		31393B47272FB7BA003CF43E /* Supportings */ = {
			isa = PBXGroup;
			children = (
				31393B33272FB79B003CF43E /* AppDelegate.swift */,
				31393B35272FB79B003CF43E /* SceneDelegate.swift */,
				31393B3E272FB79D003CF43E /* LaunchScreen.storyboard */,
			);
			path = Supportings;
			sourceTree = "<group>";
		};
		31393B48272FB7C2003CF43E /* Views */ = {
			isa = PBXGroup;
			children = (
				31393B51272FB825003CF43E /* Cells */,
				31393B39272FB79B003CF43E /* Main.storyboard */,
				31393B52272FB8F8003CF43E /* Home.storyboard */,
				31393B54272FB91E003CF43E /* Content.storyboard */,
				31393B56272FB93D003CF43E /* Calendar.storyboard */,
				31393B58272FB95E003CF43E /* Search.storyboard */,
				31393B5A272FB97E003CF43E /* Setting.storyboard */,
			);
			path = Views;
			sourceTree = "<group>";
		};
		31393B49272FB7CB003CF43E /* Localization */ = {
			isa = PBXGroup;
			children = (
				31217AC7273026F900461395 /* AddViewController.strings */,
				31217ACA2730BFF400461395 /* Localization.swift */,
			);
			path = Localization;
			sourceTree = "<group>";
		};
		31393B4A272FB7D2003CF43E /* Utilities */ = {
			isa = PBXGroup;
			children = (
				31393B4C272FB7F4003CF43E /* Extensions */,
			);
			path = Utilities;
			sourceTree = "<group>";
		};
		31393B4B272FB7ED003CF43E /* Controllers */ = {
			isa = PBXGroup;
			children = (
				31393B8F272FC702003CF43E /* HomeViewController.swift */,
				31393B9627301EF8003CF43E /* AddViewController.swift */,
				31393B9927301F49003CF43E /* SearchViewController.swift */,
				31DB7A8D273368CF00E8EEF8 /* SettingViewController.swift */,
				31DB7A972734B52D00E8EEF8 /* DatePickerViewController.swift */,
				31DB7A9D2734C27E00E8EEF8 /* CalendarViewController.swift */,
			);
			path = Controllers;
			sourceTree = "<group>";
		};
		31393B4C272FB7F4003CF43E /* Extensions */ = {
			isa = PBXGroup;
			children = (
				31393B4D272FB804003CF43E /* String+extension.swift */,
				31393B4F272FB811003CF43E /* UIFont+extension.swift */,
			);
			path = Extensions;
			sourceTree = "<group>";
		};
		31393B51272FB825003CF43E /* Cells */ = {
			isa = PBXGroup;
			children = (
			);
			path = Cells;
			sourceTree = "<group>";
		};
		31393B61272FB99E003CF43E /* SeSAC-week06Tests */ = {
			isa = PBXGroup;
			children = (
				31393B62272FB99E003CF43E /* MainControllerTests.swift */,
				31393B86272FBEB2003CF43E /* UIFontTest.swift */,
				31393B8D272FC489003CF43E /* StringExtensionTests.swift */,
				31393B92272FC75F003CF43E /* HomeViewControllerTest.swift */,
			);
			path = "SeSAC-week06Tests";
			sourceTree = "<group>";
		};
		31393B69272FBA1E003CF43E /* Resources */ = {
			isa = PBXGroup;
			children = (
				31393B6A272FBA25003CF43E /* Fonts */,
			);
			path = Resources;
			sourceTree = "<group>";
		};
		31393B6A272FBA25003CF43E /* Fonts */ = {
			isa = PBXGroup;
			children = (
				31393B6C272FBB10003CF43E /* SCDream1.otf */,
				31393B70272FBB10003CF43E /* SCDream2.otf */,
				31393B72272FBB10003CF43E /* SCDream3.otf */,
				31393B71272FBB10003CF43E /* SCDream4.otf */,
				31393B6E272FBB10003CF43E /* SCDream5.otf */,
				31393B6B272FBB10003CF43E /* SCDream6.otf */,
				31393B6D272FBB10003CF43E /* SCDream7.otf */,
				31393B6F272FBB10003CF43E /* SCDream8.otf */,
				31393B73272FBB10003CF43E /* SCDream9.otf */,
			);
			path = Fonts;
			sourceTree = "<group>";
		};
		31DB7A892732BA3400E8EEF8 /* Manager */ = {
			isa = PBXGroup;
			children = (
				31DB7A8A2732BA4C00E8EEF8 /* PersistanceManager.swift */,
			);
			path = Manager;
			sourceTree = "<group>";
		};
		31DB7A932734325000E8EEF8 /* Model */ = {
			isa = PBXGroup;
			children = (
				31DB7A942734326200E8EEF8 /* Model.swift */,
			);
			path = Model;
			sourceTree = "<group>";
		};
/* End PBXGroup section */

/* Begin PBXNativeTarget section */
		31393B2F272FB79B003CF43E /* SeSAC-week06 */ = {
			isa = PBXNativeTarget;
			buildConfigurationList = 31393B44272FB79D003CF43E /* Build configuration list for PBXNativeTarget "SeSAC-week06" */;
			buildPhases = (
				31393B2C272FB79B003CF43E /* Sources */,
				31393B2D272FB79B003CF43E /* Frameworks */,
				31393B2E272FB79B003CF43E /* Resources */,
			);
			buildRules = (
			);
			dependencies = (
			);
			name = "SeSAC-week06";
			packageProductDependencies = (
				31217ACE2730C75500461395 /* Realm */,
				31217AD02730C75500461395 /* RealmSwift */,
				31DB7A9127336DC900E8EEF8 /* Zip */,
				31DB7A9B2734C26900E8EEF8 /* FSCalendar */,
			);
			productName = "SeSAC-week06";
			productReference = 31393B30272FB79B003CF43E /* SeSAC-week06.app */;
			productType = "com.apple.product-type.application";
		};
		31393B5F272FB99E003CF43E /* SeSAC-week06Tests */ = {
			isa = PBXNativeTarget;
			buildConfigurationList = 31393B66272FB99E003CF43E /* Build configuration list for PBXNativeTarget "SeSAC-week06Tests" */;
			buildPhases = (
				31393B5C272FB99E003CF43E /* Sources */,
				31393B5D272FB99E003CF43E /* Frameworks */,
				31393B5E272FB99E003CF43E /* Resources */,
			);
			buildRules = (
			);
			dependencies = (
				31393B65272FB99E003CF43E /* PBXTargetDependency */,
			);
			name = "SeSAC-week06Tests";
			productName = "SeSAC-week06Tests";
			productReference = 31393B60272FB99E003CF43E /* SeSAC-week06Tests.xctest */;
			productType = "com.apple.product-type.bundle.unit-test";
		};
/* End PBXNativeTarget section */

/* Begin PBXProject section */
		31393B28272FB79B003CF43E /* Project object */ = {
			isa = PBXProject;
			attributes = {
				BuildIndependentTargetsInParallel = 1;
				LastSwiftUpdateCheck = 1310;
				LastUpgradeCheck = 1310;
				TargetAttributes = {
					31393B2F272FB79B003CF43E = {
						CreatedOnToolsVersion = 13.1;
					};
					31393B5F272FB99E003CF43E = {
						CreatedOnToolsVersion = 13.1;
						TestTargetID = 31393B2F272FB79B003CF43E;
					};
				};
			};
			buildConfigurationList = 31393B2B272FB79B003CF43E /* Build configuration list for PBXProject "SeSAC-week06" */;
			compatibilityVersion = "Xcode 13.0";
			developmentRegion = en;
			hasScannedForEncodings = 0;
			knownRegions = (
				en,
				Base,
				ko,
			);
			mainGroup = 31393B27272FB79B003CF43E;
			packageReferences = (
				31217ACD2730C75500461395 /* XCRemoteSwiftPackageReference "realm-cocoa" */,
				31DB7A9027336DC900E8EEF8 /* XCRemoteSwiftPackageReference "Zip" */,
				31DB7A9A2734C26900E8EEF8 /* XCRemoteSwiftPackageReference "FSCalendar" */,
			);
			productRefGroup = 31393B31272FB79B003CF43E /* Products */;
			projectDirPath = "";
			projectRoot = "";
			targets = (
				31393B2F272FB79B003CF43E /* SeSAC-week06 */,
				31393B5F272FB99E003CF43E /* SeSAC-week06Tests */,
			);
		};
/* End PBXProject section */

/* Begin PBXResourcesBuildPhase section */
		31393B2E272FB79B003CF43E /* Resources */ = {
			isa = PBXResourcesBuildPhase;
			buildActionMask = 2147483647;
			files = (
				31393B80272FBB10003CF43E /* SCDream4.otf in Resources */,
				31217AC4273026F900461395 /* AddViewController.strings in Resources */,
				31393B57272FB93D003CF43E /* Calendar.storyboard in Resources */,
				31393B84272FBB10003CF43E /* SCDream9.otf in Resources */,
				31393B40272FB79D003CF43E /* LaunchScreen.storyboard in Resources */,
				31393B3D272FB79D003CF43E /* Assets.xcassets in Resources */,
				31393B7A272FBB10003CF43E /* SCDream5.otf in Resources */,
				31393B82272FBB10003CF43E /* SCDream3.otf in Resources */,
				31393B7E272FBB10003CF43E /* SCDream2.otf in Resources */,
				31393B74272FBB10003CF43E /* SCDream6.otf in Resources */,
				31393B3B272FB79B003CF43E /* Main.storyboard in Resources */,
				31393B78272FBB10003CF43E /* SCDream7.otf in Resources */,
				31393B76272FBB10003CF43E /* SCDream1.otf in Resources */,
				31393B59272FB95E003CF43E /* Search.storyboard in Resources */,
				31393B7C272FBB10003CF43E /* SCDream8.otf in Resources */,
				31393B53272FB8F8003CF43E /* Home.storyboard in Resources */,
				31393B55272FB91E003CF43E /* Content.storyboard in Resources */,
				31393B5B272FB97E003CF43E /* Setting.storyboard in Resources */,
			);
			runOnlyForDeploymentPostprocessing = 0;
		};
		31393B5E272FB99E003CF43E /* Resources */ = {
			isa = PBXResourcesBuildPhase;
			buildActionMask = 2147483647;
			files = (
				31393B7F272FBB10003CF43E /* SCDream2.otf in Resources */,
				31393B9427301DC1003CF43E /* Home.storyboard in Resources */,
				31393B7D272FBB10003CF43E /* SCDream8.otf in Resources */,
				31393B79272FBB10003CF43E /* SCDream7.otf in Resources */,
				31393B85272FBB10003CF43E /* SCDream9.otf in Resources */,
				31393B9527301EDD003CF43E /* Content.storyboard in Resources */,
				31393B81272FBB10003CF43E /* SCDream4.otf in Resources */,
				31C88FAE27315BAB00CB3010 /* Main.storyboard in Resources */,
				31393B75272FBB10003CF43E /* SCDream6.otf in Resources */,
				31393B83272FBB10003CF43E /* SCDream3.otf in Resources */,
				31217AC5273026F900461395 /* AddViewController.strings in Resources */,
				31393B77272FBB10003CF43E /* SCDream1.otf in Resources */,
				31393B9C27301F6C003CF43E /* Search.storyboard in Resources */,
				31393B7B272FBB10003CF43E /* SCDream5.otf in Resources */,
			);
			runOnlyForDeploymentPostprocessing = 0;
		};
/* End PBXResourcesBuildPhase section */

/* Begin PBXSourcesBuildPhase section */
		31393B2C272FB79B003CF43E /* Sources */ = {
			isa = PBXSourcesBuildPhase;
			buildActionMask = 2147483647;
			files = (
				31393B34272FB79B003CF43E /* AppDelegate.swift in Sources */,
				31DB7A982734B52D00E8EEF8 /* DatePickerViewController.swift in Sources */,
				31DB7A8E273368CF00E8EEF8 /* SettingViewController.swift in Sources */,
				31393B9A27301F4A003CF43E /* SearchViewController.swift in Sources */,
				31393B36272FB79B003CF43E /* SceneDelegate.swift in Sources */,
				31393B50272FB811003CF43E /* UIFont+extension.swift in Sources */,
				31217AD42730C97500461395 /* RealmModel.swift in Sources */,
				31DB7A8B2732BA4C00E8EEF8 /* PersistanceManager.swift in Sources */,
				31DB7A952734326200E8EEF8 /* Model.swift in Sources */,
				31393B4E272FB804003CF43E /* String+extension.swift in Sources */,
				31393B9727301EF8003CF43E /* AddViewController.swift in Sources */,
				31217ACB2730BFF400461395 /* Localization.swift in Sources */,
				31DB7AA12734CE8600E8EEF8 /* RealmQuery.swift in Sources */,
				31DB7A9E2734C27E00E8EEF8 /* CalendarViewController.swift in Sources */,
				31393B90272FC702003CF43E /* HomeViewController.swift in Sources */,
			);
			runOnlyForDeploymentPostprocessing = 0;
		};
		31393B5C272FB99E003CF43E /* Sources */ = {
			isa = PBXSourcesBuildPhase;
			buildActionMask = 2147483647;
			files = (
				31DB7A9F2734C27E00E8EEF8 /* CalendarViewController.swift in Sources */,
				31393B9827301EF8003CF43E /* AddViewController.swift in Sources */,
				31DB7AA22734CE8600E8EEF8 /* RealmQuery.swift in Sources */,
				31393B89272FC32F003CF43E /* String+extension.swift in Sources */,
				31393B87272FBEB2003CF43E /* UIFontTest.swift in Sources */,
				31DB7A8F273368CF00E8EEF8 /* SettingViewController.swift in Sources */,
				31DB7A8C2732BA4C00E8EEF8 /* PersistanceManager.swift in Sources */,
				31DB7A962734326200E8EEF8 /* Model.swift in Sources */,
				31217AD52730C97500461395 /* RealmModel.swift in Sources */,
				31393B9B27301F4A003CF43E /* SearchViewController.swift in Sources */,
				31393B91272FC702003CF43E /* HomeViewController.swift in Sources */,
				31393B88272FBF79003CF43E /* UIFont+extension.swift in Sources */,
				31217ACC2730BFF400461395 /* Localization.swift in Sources */,
				31DB7A992734B52D00E8EEF8 /* DatePickerViewController.swift in Sources */,
				31393B93272FC75F003CF43E /* HomeViewControllerTest.swift in Sources */,
				31393B8E272FC489003CF43E /* StringExtensionTests.swift in Sources */,
				31393B63272FB99E003CF43E /* MainControllerTests.swift in Sources */,
			);
			runOnlyForDeploymentPostprocessing = 0;
		};
/* End PBXSourcesBuildPhase section */

/* Begin PBXTargetDependency section */
		31393B65272FB99E003CF43E /* PBXTargetDependency */ = {
			isa = PBXTargetDependency;
			target = 31393B2F272FB79B003CF43E /* SeSAC-week06 */;
			targetProxy = 31393B64272FB99E003CF43E /* PBXContainerItemProxy */;
		};
/* End PBXTargetDependency section */

/* Begin PBXVariantGroup section */
		31217AC7273026F900461395 /* AddViewController.strings */ = {
			isa = PBXVariantGroup;
			children = (
				31217AC6273026F900461395 /* en */,
				31217AC92730B76300461395 /* ko */,
			);
			name = AddViewController.strings;
			sourceTree = "<group>";
		};
		31393B39272FB79B003CF43E /* Main.storyboard */ = {
			isa = PBXVariantGroup;
			children = (
				31393B3A272FB79B003CF43E /* Base */,
				31217AC82730B76300461395 /* ko */,
			);
			name = Main.storyboard;
			sourceTree = "<group>";
		};
		31393B3E272FB79D003CF43E /* LaunchScreen.storyboard */ = {
			isa = PBXVariantGroup;
			children = (
				31393B3F272FB79D003CF43E /* Base */,
			);
			name = LaunchScreen.storyboard;
			sourceTree = "<group>";
		};
/* End PBXVariantGroup section */

/* Begin XCBuildConfiguration section */
		31393B42272FB79D003CF43E /* Debug */ = {
			isa = XCBuildConfiguration;
			buildSettings = {
				ALWAYS_SEARCH_USER_PATHS = NO;
				CLANG_ANALYZER_LOCALIZABILITY_NONLOCALIZED = YES;
				CLANG_ANALYZER_NONNULL = YES;
				CLANG_ANALYZER_NUMBER_OBJECT_CONVERSION = YES_AGGRESSIVE;
				CLANG_CXX_LANGUAGE_STANDARD = "gnu++17";
				CLANG_CXX_LIBRARY = "libc++";
				CLANG_ENABLE_MODULES = YES;
				CLANG_ENABLE_OBJC_ARC = YES;
				CLANG_ENABLE_OBJC_WEAK = YES;
				CLANG_WARN_BLOCK_CAPTURE_AUTORELEASING = YES;
				CLANG_WARN_BOOL_CONVERSION = YES;
				CLANG_WARN_COMMA = YES;
				CLANG_WARN_CONSTANT_CONVERSION = YES;
				CLANG_WARN_DEPRECATED_OBJC_IMPLEMENTATIONS = YES;
				CLANG_WARN_DIRECT_OBJC_ISA_USAGE = YES_ERROR;
				CLANG_WARN_DOCUMENTATION_COMMENTS = YES;
				CLANG_WARN_EMPTY_BODY = YES;
				CLANG_WARN_ENUM_CONVERSION = YES;
				CLANG_WARN_INFINITE_RECURSION = YES;
				CLANG_WARN_INT_CONVERSION = YES;
				CLANG_WARN_NON_LITERAL_NULL_CONVERSION = YES;
				CLANG_WARN_OBJC_IMPLICIT_RETAIN_SELF = YES;
				CLANG_WARN_OBJC_LITERAL_CONVERSION = YES;
				CLANG_WARN_OBJC_ROOT_CLASS = YES_ERROR;
				CLANG_WARN_QUOTED_INCLUDE_IN_FRAMEWORK_HEADER = YES;
				CLANG_WARN_RANGE_LOOP_ANALYSIS = YES;
				CLANG_WARN_STRICT_PROTOTYPES = YES;
				CLANG_WARN_SUSPICIOUS_MOVE = YES;
				CLANG_WARN_UNGUARDED_AVAILABILITY = YES_AGGRESSIVE;
				CLANG_WARN_UNREACHABLE_CODE = YES;
				CLANG_WARN__DUPLICATE_METHOD_MATCH = YES;
				COPY_PHASE_STRIP = NO;
				DEBUG_INFORMATION_FORMAT = dwarf;
				ENABLE_STRICT_OBJC_MSGSEND = YES;
				ENABLE_TESTABILITY = YES;
				GCC_C_LANGUAGE_STANDARD = gnu11;
				GCC_DYNAMIC_NO_PIC = NO;
				GCC_NO_COMMON_BLOCKS = YES;
				GCC_OPTIMIZATION_LEVEL = 0;
				GCC_PREPROCESSOR_DEFINITIONS = (
					"DEBUG=1",
					"$(inherited)",
				);
				GCC_WARN_64_TO_32_BIT_CONVERSION = YES;
				GCC_WARN_ABOUT_RETURN_TYPE = YES_ERROR;
				GCC_WARN_UNDECLARED_SELECTOR = YES;
				GCC_WARN_UNINITIALIZED_AUTOS = YES_AGGRESSIVE;
				GCC_WARN_UNUSED_FUNCTION = YES;
				GCC_WARN_UNUSED_VARIABLE = YES;
				IPHONEOS_DEPLOYMENT_TARGET = 15.0;
				MTL_ENABLE_DEBUG_INFO = INCLUDE_SOURCE;
				MTL_FAST_MATH = YES;
				ONLY_ACTIVE_ARCH = YES;
				SDKROOT = iphoneos;
				SWIFT_ACTIVE_COMPILATION_CONDITIONS = DEBUG;
				SWIFT_OPTIMIZATION_LEVEL = "-Onone";
			};
			name = Debug;
		};
		31393B43272FB79D003CF43E /* Release */ = {
			isa = XCBuildConfiguration;
			buildSettings = {
				ALWAYS_SEARCH_USER_PATHS = NO;
				CLANG_ANALYZER_LOCALIZABILITY_NONLOCALIZED = YES;
				CLANG_ANALYZER_NONNULL = YES;
				CLANG_ANALYZER_NUMBER_OBJECT_CONVERSION = YES_AGGRESSIVE;
				CLANG_CXX_LANGUAGE_STANDARD = "gnu++17";
				CLANG_CXX_LIBRARY = "libc++";
				CLANG_ENABLE_MODULES = YES;
				CLANG_ENABLE_OBJC_ARC = YES;
				CLANG_ENABLE_OBJC_WEAK = YES;
				CLANG_WARN_BLOCK_CAPTURE_AUTORELEASING = YES;
				CLANG_WARN_BOOL_CONVERSION = YES;
				CLANG_WARN_COMMA = YES;
				CLANG_WARN_CONSTANT_CONVERSION = YES;
				CLANG_WARN_DEPRECATED_OBJC_IMPLEMENTATIONS = YES;
				CLANG_WARN_DIRECT_OBJC_ISA_USAGE = YES_ERROR;
				CLANG_WARN_DOCUMENTATION_COMMENTS = YES;
				CLANG_WARN_EMPTY_BODY = YES;
				CLANG_WARN_ENUM_CONVERSION = YES;
				CLANG_WARN_INFINITE_RECURSION = YES;
				CLANG_WARN_INT_CONVERSION = YES;
				CLANG_WARN_NON_LITERAL_NULL_CONVERSION = YES;
				CLANG_WARN_OBJC_IMPLICIT_RETAIN_SELF = YES;
				CLANG_WARN_OBJC_LITERAL_CONVERSION = YES;
				CLANG_WARN_OBJC_ROOT_CLASS = YES_ERROR;
				CLANG_WARN_QUOTED_INCLUDE_IN_FRAMEWORK_HEADER = YES;
				CLANG_WARN_RANGE_LOOP_ANALYSIS = YES;
				CLANG_WARN_STRICT_PROTOTYPES = YES;
				CLANG_WARN_SUSPICIOUS_MOVE = YES;
				CLANG_WARN_UNGUARDED_AVAILABILITY = YES_AGGRESSIVE;
				CLANG_WARN_UNREACHABLE_CODE = YES;
				CLANG_WARN__DUPLICATE_METHOD_MATCH = YES;
				COPY_PHASE_STRIP = NO;
				DEBUG_INFORMATION_FORMAT = "dwarf-with-dsym";
				ENABLE_NS_ASSERTIONS = NO;
				ENABLE_STRICT_OBJC_MSGSEND = YES;
				GCC_C_LANGUAGE_STANDARD = gnu11;
				GCC_NO_COMMON_BLOCKS = YES;
				GCC_WARN_64_TO_32_BIT_CONVERSION = YES;
				GCC_WARN_ABOUT_RETURN_TYPE = YES_ERROR;
				GCC_WARN_UNDECLARED_SELECTOR = YES;
				GCC_WARN_UNINITIALIZED_AUTOS = YES_AGGRESSIVE;
				GCC_WARN_UNUSED_FUNCTION = YES;
				GCC_WARN_UNUSED_VARIABLE = YES;
				IPHONEOS_DEPLOYMENT_TARGET = 15.0;
				MTL_ENABLE_DEBUG_INFO = NO;
				MTL_FAST_MATH = YES;
				SDKROOT = iphoneos;
				SWIFT_COMPILATION_MODE = wholemodule;
				SWIFT_OPTIMIZATION_LEVEL = "-O";
				VALIDATE_PRODUCT = YES;
			};
			name = Release;
		};
		31393B45272FB79D003CF43E /* Debug */ = {
			isa = XCBuildConfiguration;
			buildSettings = {
				ASSETCATALOG_COMPILER_APPICON_NAME = AppIcon;
				ASSETCATALOG_COMPILER_GLOBAL_ACCENT_COLOR_NAME = AccentColor;
				CODE_SIGN_STYLE = Automatic;
				CURRENT_PROJECT_VERSION = 1;
				DEVELOPMENT_TEAM = 7DY6Z945T9;
				GENERATE_INFOPLIST_FILE = YES;
				INFOPLIST_FILE = "SeSAC-week06/Info.plist";
				INFOPLIST_KEY_UIApplicationSupportsIndirectInputEvents = YES;
				INFOPLIST_KEY_UILaunchStoryboardName = LaunchScreen;
				INFOPLIST_KEY_UIMainStoryboardFile = Main;
				INFOPLIST_KEY_UISupportedInterfaceOrientations_iPad = "UIInterfaceOrientationPortrait UIInterfaceOrientationPortraitUpsideDown UIInterfaceOrientationLandscapeLeft UIInterfaceOrientationLandscapeRight";
				INFOPLIST_KEY_UISupportedInterfaceOrientations_iPhone = "UIInterfaceOrientationPortrait UIInterfaceOrientationLandscapeLeft UIInterfaceOrientationLandscapeRight";
				LD_RUNPATH_SEARCH_PATHS = (
					"$(inherited)",
					"@executable_path/Frameworks",
				);
				MARKETING_VERSION = 1.0;
				PRODUCT_BUNDLE_IDENTIFIER = "klioop.SeSAC-Week06-Assignment";
				PRODUCT_NAME = "$(TARGET_NAME)";
				SWIFT_EMIT_LOC_STRINGS = YES;
				SWIFT_VERSION = 5.0;
				TARGETED_DEVICE_FAMILY = "1,2";
			};
			name = Debug;
		};
		31393B46272FB79D003CF43E /* Release */ = {
			isa = XCBuildConfiguration;
			buildSettings = {
				ASSETCATALOG_COMPILER_APPICON_NAME = AppIcon;
				ASSETCATALOG_COMPILER_GLOBAL_ACCENT_COLOR_NAME = AccentColor;
				CODE_SIGN_STYLE = Automatic;
				CURRENT_PROJECT_VERSION = 1;
				DEVELOPMENT_TEAM = 7DY6Z945T9;
				GENERATE_INFOPLIST_FILE = YES;
				INFOPLIST_FILE = "SeSAC-week06/Info.plist";
				INFOPLIST_KEY_UIApplicationSupportsIndirectInputEvents = YES;
				INFOPLIST_KEY_UILaunchStoryboardName = LaunchScreen;
				INFOPLIST_KEY_UIMainStoryboardFile = Main;
				INFOPLIST_KEY_UISupportedInterfaceOrientations_iPad = "UIInterfaceOrientationPortrait UIInterfaceOrientationPortraitUpsideDown UIInterfaceOrientationLandscapeLeft UIInterfaceOrientationLandscapeRight";
				INFOPLIST_KEY_UISupportedInterfaceOrientations_iPhone = "UIInterfaceOrientationPortrait UIInterfaceOrientationLandscapeLeft UIInterfaceOrientationLandscapeRight";
				LD_RUNPATH_SEARCH_PATHS = (
					"$(inherited)",
					"@executable_path/Frameworks",
				);
				MARKETING_VERSION = 1.0;
				PRODUCT_BUNDLE_IDENTIFIER = "klioop.SeSAC-Week06-Assignment";
				PRODUCT_NAME = "$(TARGET_NAME)";
				SWIFT_EMIT_LOC_STRINGS = YES;
				SWIFT_VERSION = 5.0;
				TARGETED_DEVICE_FAMILY = "1,2";
			};
			name = Release;
		};
		31393B67272FB99E003CF43E /* Debug */ = {
			isa = XCBuildConfiguration;
			buildSettings = {
				BUNDLE_LOADER = "$(TEST_HOST)";
				CODE_SIGN_STYLE = Automatic;
				CURRENT_PROJECT_VERSION = 1;
				DEVELOPMENT_TEAM = 7DY6Z945T9;
				GENERATE_INFOPLIST_FILE = YES;
				LD_RUNPATH_SEARCH_PATHS = (
					"$(inherited)",
					"@executable_path/Frameworks",
					"@loader_path/Frameworks",
				);
				MARKETING_VERSION = 1.0;
				PRODUCT_BUNDLE_IDENTIFIER = "klioop.SeSAC-week06Tests";
				PRODUCT_NAME = "$(TARGET_NAME)";
				SWIFT_EMIT_LOC_STRINGS = NO;
				SWIFT_VERSION = 5.0;
				TARGETED_DEVICE_FAMILY = "1,2";
				TEST_HOST = "$(BUILT_PRODUCTS_DIR)/SeSAC-week06.app/SeSAC-week06";
			};
			name = Debug;
		};
		31393B68272FB99E003CF43E /* Release */ = {
			isa = XCBuildConfiguration;
			buildSettings = {
				BUNDLE_LOADER = "$(TEST_HOST)";
				CODE_SIGN_STYLE = Automatic;
				CURRENT_PROJECT_VERSION = 1;
				DEVELOPMENT_TEAM = 7DY6Z945T9;
				GENERATE_INFOPLIST_FILE = YES;
				LD_RUNPATH_SEARCH_PATHS = (
					"$(inherited)",
					"@executable_path/Frameworks",
					"@loader_path/Frameworks",
				);
				MARKETING_VERSION = 1.0;
				PRODUCT_BUNDLE_IDENTIFIER = "klioop.SeSAC-week06Tests";
				PRODUCT_NAME = "$(TARGET_NAME)";
				SWIFT_EMIT_LOC_STRINGS = NO;
				SWIFT_VERSION = 5.0;
				TARGETED_DEVICE_FAMILY = "1,2";
				TEST_HOST = "$(BUILT_PRODUCTS_DIR)/SeSAC-week06.app/SeSAC-week06";
			};
			name = Release;
		};
/* End XCBuildConfiguration section */

/* Begin XCConfigurationList section */
		31393B2B272FB79B003CF43E /* Build configuration list for PBXProject "SeSAC-week06" */ = {
			isa = XCConfigurationList;
			buildConfigurations = (
				31393B42272FB79D003CF43E /* Debug */,
				31393B43272FB79D003CF43E /* Release */,
			);
			defaultConfigurationIsVisible = 0;
			defaultConfigurationName = Release;
		};
		31393B44272FB79D003CF43E /* Build configuration list for PBXNativeTarget "SeSAC-week06" */ = {
			isa = XCConfigurationList;
			buildConfigurations = (
				31393B45272FB79D003CF43E /* Debug */,
				31393B46272FB79D003CF43E /* Release */,
			);
			defaultConfigurationIsVisible = 0;
			defaultConfigurationName = Release;
		};
		31393B66272FB99E003CF43E /* Build configuration list for PBXNativeTarget "SeSAC-week06Tests" */ = {
			isa = XCConfigurationList;
			buildConfigurations = (
				31393B67272FB99E003CF43E /* Debug */,
				31393B68272FB99E003CF43E /* Release */,
			);
			defaultConfigurationIsVisible = 0;
			defaultConfigurationName = Release;
		};
/* End XCConfigurationList section */

/* Begin XCRemoteSwiftPackageReference section */
		31217ACD2730C75500461395 /* XCRemoteSwiftPackageReference "realm-cocoa" */ = {
			isa = XCRemoteSwiftPackageReference;
			repositoryURL = "https://github.com/realm/realm-cocoa.git";
			requirement = {
				kind = exactVersion;
				version = 10.18.0;
			};
		};
		31DB7A9027336DC900E8EEF8 /* XCRemoteSwiftPackageReference "Zip" */ = {
			isa = XCRemoteSwiftPackageReference;
			repositoryURL = "https://github.com/marmelroy/Zip.git";
			requirement = {
				kind = upToNextMajorVersion;
				minimumVersion = 2.0.0;
			};
		};
		31DB7A9A2734C26900E8EEF8 /* XCRemoteSwiftPackageReference "FSCalendar" */ = {
			isa = XCRemoteSwiftPackageReference;
			repositoryURL = "https://github.com/WenchaoD/FSCalendar.git";
			requirement = {
				kind = upToNextMajorVersion;
				minimumVersion = 2.0.0;
			};
		};
/* End XCRemoteSwiftPackageReference section */

/* Begin XCSwiftPackageProductDependency section */
		31217ACE2730C75500461395 /* Realm */ = {
			isa = XCSwiftPackageProductDependency;
			package = 31217ACD2730C75500461395 /* XCRemoteSwiftPackageReference "realm-cocoa" */;
			productName = Realm;
		};
		31217AD02730C75500461395 /* RealmSwift */ = {
			isa = XCSwiftPackageProductDependency;
			package = 31217ACD2730C75500461395 /* XCRemoteSwiftPackageReference "realm-cocoa" */;
			productName = RealmSwift;
		};
		31DB7A9127336DC900E8EEF8 /* Zip */ = {
			isa = XCSwiftPackageProductDependency;
			package = 31DB7A9027336DC900E8EEF8 /* XCRemoteSwiftPackageReference "Zip" */;
			productName = Zip;
		};
		31DB7A9B2734C26900E8EEF8 /* FSCalendar */ = {
			isa = XCSwiftPackageProductDependency;
			package = 31DB7A9A2734C26900E8EEF8 /* XCRemoteSwiftPackageReference "FSCalendar" */;
			productName = FSCalendar;
		};
/* End XCSwiftPackageProductDependency section */
	};
	rootObject = 31393B28272FB79B003CF43E /* Project object */;
}
